{
  "version": 4,
  "terraform_version": "1.5.7",
  "serial": 6,
  "lineage": "b5d505b8-1062-149e-c10d-4e32bef194d6",
  "outputs": {},
  "resources": [
    {
      "mode": "managed",
      "type": "local_file",
      "name": "example",
      "provider": "provider[\"registry.terraform.io/hashicorp/local\"]",
      "instances": [
        {
          "schema_version": 0,
          "attributes": {
            "content": "To jest zawartość pliku tekstowego, stworzonego przez Terraform.",
            "content_base64": null,
            "content_base64sha256": "liYBmgaaOdFRrs2rom9O9qZzAmq9V8j06ivU2s4P1u4=",
            "content_base64sha512": "XOXyxB4bfgFUEMKXR91YXf5JBRPEik9SwhPteZYqkH2gWY5fM57oAU4AUm9H7+LmGw1lhqr8Qs/BddvCrj/tfA==",
            "content_md5": "8ce80667076c4df4cb56364f9e151913",
            "content_sha1": "5d38cc50e6dc6d552111eb8ed57fb2a609e22a31",
            "content_sha256": "9626019a069a39d151aecdaba26f4ef6a673026abd57c8f4ea2bd4dace0fd6ee",
            "content_sha512": "5ce5f2c41e1b7e015410c29747dd585dfe490513c48a4f52c213ed79962a907da0598e5f339ee8014e00526f47efe2e61b0d6586aafc42cfc175dbc2ae3fed7c",
            "directory_permission": "0777",
            "file_permission": "0777",
            "filename": "example1.txt",
            "id": "5d38cc50e6dc6d552111eb8ed57fb2a609e22a31",
            "sensitive_content": null,
            "source": null
          },
          "sensitive_attributes": []
        }
      ]
    },
    {
      "mode": "managed",
      "type": "local_file",
      "name": "example1",
      "provider": "provider[\"registry.terraform.io/hashicorp/local\"]",
      "instances": [
        {
          "schema_version": 0,
          "attributes": {
            "content": "Test file",
            "content_base64": null,
            "content_base64sha256": "saslxVkTyVzGkT8dvOm+8YXr8ApkVTqO8ZQZPlLqUBU=",
            "content_base64sha512": "hZ5JrHZP2VXh3ciP3VPQ7tsfve6wGZPwT+lIDkXrPfXb92koBJD40ziYAqDcRllZ75addrcWvQGELRnmWim3/A==",
            "content_md5": "edc900745c5d15d773fbcdc0b376f00c",
            "content_sha1": "13f59ca81ca01c147b6c425183bbd058e680331f",
            "content_sha256": "b1ab25c55913c95cc6913f1dbce9bef185ebf00a64553a8ef194193e52ea5015",
            "content_sha512": "859e49ac764fd955e1ddc88fdd53d0eedb1fbdeeb01993f04fe9480e45eb3df5dbf769280490f8d3389802a0dc465959ef969d76b716bd01842d19e65a29b7fc",
            "directory_permission": "0777",
            "file_permission": "0777",
            "filename": "example2.txt",
            "id": "13f59ca81ca01c147b6c425183bbd058e680331f",
            "sensitive_content": null,
            "source": null
          },
          "sensitive_attributes": []
        }
      ]
    }
  ],
  "check_results": null
}
